// !$*UTF8*$!
{
	archiveVersion = 1;
	classes = {
	};
	objectVersion = 46;
	objects = {

/* Begin PBXBuildFile section */
		614928E51D39B83D009B0200 /* AppDelegate.swift in Sources */ = {isa = PBXBuildFile; fileRef = 614928E41D39B83D009B0200 /* AppDelegate.swift */; };
		614928E71D39B83D009B0200 /* ViewController.swift in Sources */ = {isa = PBXBuildFile; fileRef = 614928E61D39B83D009B0200 /* ViewController.swift */; };
		614928EA1D39B83D009B0200 /* Main.storyboard in Resources */ = {isa = PBXBuildFile; fileRef = 614928E81D39B83D009B0200 /* Main.storyboard */; };
		614928ED1D39B83D009B0200 /* Counter.xcdatamodeld in Sources */ = {isa = PBXBuildFile; fileRef = 614928EB1D39B83D009B0200 /* Counter.xcdatamodeld */; };
		614928EF1D39B83D009B0200 /* Assets.xcassets in Resources */ = {isa = PBXBuildFile; fileRef = 614928EE1D39B83D009B0200 /* Assets.xcassets */; };
		614928F21D39B83D009B0200 /* LaunchScreen.storyboard in Resources */ = {isa = PBXBuildFile; fileRef = 614928F01D39B83D009B0200 /* LaunchScreen.storyboard */; };
		614928FD1D39B83E009B0200 /* CounterTests.swift in Sources */ = {isa = PBXBuildFile; fileRef = 614928FC1D39B83E009B0200 /* CounterTests.swift */; };
		614929081D39B83E009B0200 /* CounterUITests.swift in Sources */ = {isa = PBXBuildFile; fileRef = 614929071D39B83E009B0200 /* CounterUITests.swift */; };
/* End PBXBuildFile section */

/* Begin PBXContainerItemProxy section */
		614928F91D39B83E009B0200 /* PBXContainerItemProxy */ = {
			isa = PBXContainerItemProxy;
			containerPortal = 614928D91D39B83D009B0200 /* Project object */;
			proxyType = 1;
			remoteGlobalIDString = 614928E01D39B83D009B0200;
			remoteInfo = Counter;
		};
		614929041D39B83E009B0200 /* PBXContainerItemProxy */ = {
			isa = PBXContainerItemProxy;
			containerPortal = 614928D91D39B83D009B0200 /* Project object */;
			proxyType = 1;
			remoteGlobalIDString = 614928E01D39B83D009B0200;
			remoteInfo = Counter;
		};
/* End PBXContainerItemProxy section */

/* Begin PBXFileReference section */
		614928E11D39B83D009B0200 /* Counter.app */ = {isa = PBXFileReference; explicitFileType = wrapper.application; includeInIndex = 0; path = Counter.app; sourceTree = BUILT_PRODUCTS_DIR; };
		614928E41D39B83D009B0200 /* AppDelegate.swift */ = {isa = PBXFileReference; lastKnownFileType = sourcecode.swift; path = AppDelegate.swift; sourceTree = "<group>"; };
		614928E61D39B83D009B0200 /* ViewController.swift */ = {isa = PBXFileReference; lastKnownFileType = sourcecode.swift; path = ViewController.swift; sourceTree = "<group>"; };
		614928E91D39B83D009B0200 /* Base */ = {isa = PBXFileReference; lastKnownFileType = file.storyboard; name = Base; path = Base.lproj/Main.storyboard; sourceTree = "<group>"; };
		614928EC1D39B83D009B0200 /* Counter.xcdatamodel */ = {isa = PBXFileReference; lastKnownFileType = wrapper.xcdatamodel; path = Counter.xcdatamodel; sourceTree = "<group>"; };
		614928EE1D39B83D009B0200 /* Assets.xcassets */ = {isa = PBXFileReference; lastKnownFileType = folder.assetcatalog; path = Assets.xcassets; sourceTree = "<group>"; };
		614928F11D39B83D009B0200 /* Base */ = {isa = PBXFileReference; lastKnownFileType = file.storyboard; name = Base; path = Base.lproj/LaunchScreen.storyboard; sourceTree = "<group>"; };
		614928F31D39B83E009B0200 /* Info.plist */ = {isa = PBXFileReference; lastKnownFileType = text.plist.xml; path = Info.plist; sourceTree = "<group>"; };
		614928F81D39B83E009B0200 /* CounterTests.xctest */ = {isa = PBXFileReference; explicitFileType = wrapper.cfbundle; includeInIndex = 0; path = CounterTests.xctest; sourceTree = BUILT_PRODUCTS_DIR; };
		614928FC1D39B83E009B0200 /* CounterTests.swift */ = {isa = PBXFileReference; lastKnownFileType = sourcecode.swift; path = CounterTests.swift; sourceTree = "<group>"; };
		614928FE1D39B83E009B0200 /* Info.plist */ = {isa = PBXFileReference; lastKnownFileType = text.plist.xml; path = Info.plist; sourceTree = "<group>"; };
		614929031D39B83E009B0200 /* CounterUITests.xctest */ = {isa = PBXFileReference; explicitFileType = wrapper.cfbundle; includeInIndex = 0; path = CounterUITests.xctest; sourceTree = BUILT_PRODUCTS_DIR; };
		614929071D39B83E009B0200 /* CounterUITests.swift */ = {isa = PBXFileReference; lastKnownFileType = sourcecode.swift; path = CounterUITests.swift; sourceTree = "<group>"; };
		614929091D39B83E009B0200 /* Info.plist */ = {isa = PBXFileReference; lastKnownFileType = text.plist.xml; path = Info.plist; sourceTree = "<group>"; };
/* End PBXFileReference section */

/* Begin PBXFrameworksBuildPhase section */
		614928DE1D39B83D009B0200 /* Frameworks */ = {
			isa = PBXFrameworksBuildPhase;
			buildActionMask = 2147483647;
			files = (
			);
			runOnlyForDeploymentPostprocessing = 0;
		};
		614928F51D39B83E009B0200 /* Frameworks */ = {
			isa = PBXFrameworksBuildPhase;
			buildActionMask = 2147483647;
			files = (
			);
			runOnlyForDeploymentPostprocessing = 0;
		};
		614929001D39B83E009B0200 /* Frameworks */ = {
			isa = PBXFrameworksBuildPhase;
			buildActionMask = 2147483647;
			files = (
			);
			runOnlyForDeploymentPostprocessing = 0;
		};
/* End PBXFrameworksBuildPhase section */

/* Begin PBXGroup section */
		614928D81D39B83D009B0200 = {
			isa = PBXGroup;
			children = (
				614928E31D39B83D009B0200 /* Counter */,
				614928FB1D39B83E009B0200 /* CounterTests */,
				614929061D39B83E009B0200 /* CounterUITests */,
				614928E21D39B83D009B0200 /* Products */,
			);
			sourceTree = "<group>";
		};
		614928E21D39B83D009B0200 /* Products */ = {
			isa = PBXGroup;
			children = (
				614928E11D39B83D009B0200 /* Counter.app */,
				614928F81D39B83E009B0200 /* CounterTests.xctest */,
				614929031D39B83E009B0200 /* CounterUITests.xctest */,
			);
			name = Products;
			sourceTree = "<group>";
		};
		614928E31D39B83D009B0200 /* Counter */ = {
			isa = PBXGroup;
			children = (
				614928E41D39B83D009B0200 /* AppDelegate.swift */,
				614928E61D39B83D009B0200 /* ViewController.swift */,
				614928E81D39B83D009B0200 /* Main.storyboard */,
				614928EE1D39B83D009B0200 /* Assets.xcassets */,
				614928F01D39B83D009B0200 /* LaunchScreen.storyboard */,
				614928F31D39B83E009B0200 /* Info.plist */,
				614928EB1D39B83D009B0200 /* Counter.xcdatamodeld */,
			);
			path = Counter;
			sourceTree = "<group>";
		};
		614928FB1D39B83E009B0200 /* CounterTests */ = {
			isa = PBXGroup;
			children = (
				614928FC1D39B83E009B0200 /* CounterTests.swift */,
				614928FE1D39B83E009B0200 /* Info.plist */,
			);
			path = CounterTests;
			sourceTree = "<group>";
		};
		614929061D39B83E009B0200 /* CounterUITests */ = {
			isa = PBXGroup;
			children = (
				614929071D39B83E009B0200 /* CounterUITests.swift */,
				614929091D39B83E009B0200 /* Info.plist */,
			);
			path = CounterUITests;
			sourceTree = "<group>";
		};
/* End PBXGroup section */

/* Begin PBXNativeTarget section */
		614928E01D39B83D009B0200 /* Counter */ = {
			isa = PBXNativeTarget;
			buildConfigurationList = 6149290C1D39B83E009B0200 /* Build configuration list for PBXNativeTarget "Counter" */;
			buildPhases = (
				614928DD1D39B83D009B0200 /* Sources */,
				614928DE1D39B83D009B0200 /* Frameworks */,
				614928DF1D39B83D009B0200 /* Resources */,
			);
			buildRules = (
			);
			dependencies = (
			);
			name = Counter;
			productName = Counter;
			productReference = 614928E11D39B83D009B0200 /* Counter.app */;
			productType = "com.apple.product-type.application";
		};
		614928F71D39B83E009B0200 /* CounterTests */ = {
			isa = PBXNativeTarget;
			buildConfigurationList = 6149290F1D39B83E009B0200 /* Build configuration list for PBXNativeTarget "CounterTests" */;
			buildPhases = (
				614928F41D39B83E009B0200 /* Sources */,
				614928F51D39B83E009B0200 /* Frameworks */,
				614928F61D39B83E009B0200 /* Resources */,
			);
			buildRules = (
			);
			dependencies = (
				614928FA1D39B83E009B0200 /* PBXTargetDependency */,
			);
			name = CounterTests;
			productName = CounterTests;
			productReference = 614928F81D39B83E009B0200 /* CounterTests.xctest */;
			productType = "com.apple.product-type.bundle.unit-test";
		};
		614929021D39B83E009B0200 /* CounterUITests */ = {
			isa = PBXNativeTarget;
			buildConfigurationList = 614929121D39B83E009B0200 /* Build configuration list for PBXNativeTarget "CounterUITests" */;
			buildPhases = (
				614928FF1D39B83E009B0200 /* Sources */,
				614929001D39B83E009B0200 /* Frameworks */,
				614929011D39B83E009B0200 /* Resources */,
			);
			buildRules = (
			);
			dependencies = (
				614929051D39B83E009B0200 /* PBXTargetDependency */,
			);
			name = CounterUITests;
			productName = CounterUITests;
			productReference = 614929031D39B83E009B0200 /* CounterUITests.xctest */;
			productType = "com.apple.product-type.bundle.ui-testing";
		};
/* End PBXNativeTarget section */

/* Begin PBXProject section */
		614928D91D39B83D009B0200 /* Project object */ = {
			isa = PBXProject;
			attributes = {
				LastSwiftUpdateCheck = 0730;
				LastUpgradeCheck = 0730;
				ORGANIZATIONNAME = "Edgar Gante";
				TargetAttributes = {
					614928E01D39B83D009B0200 = {
						CreatedOnToolsVersion = 7.3.1;
					};
					614928F71D39B83E009B0200 = {
						CreatedOnToolsVersion = 7.3.1;
						TestTargetID = 614928E01D39B83D009B0200;
					};
					614929021D39B83E009B0200 = {
						CreatedOnToolsVersion = 7.3.1;
						TestTargetID = 614928E01D39B83D009B0200;
					};
				};
			};
			buildConfigurationList = 614928DC1D39B83D009B0200 /* Build configuration list for PBXProject "Counter" */;
			compatibilityVersion = "Xcode 3.2";
			developmentRegion = English;
			hasScannedForEncodings = 0;
			knownRegions = (
				en,
				Base,
			);
			mainGroup = 614928D81D39B83D009B0200;
			productRefGroup = 614928E21D39B83D009B0200 /* Products */;
			projectDirPath = "";
			projectRoot = "";
			targets = (
				614928E01D39B83D009B0200 /* Counter */,
				614928F71D39B83E009B0200 /* CounterTests */,
				614929021D39B83E009B0200 /* CounterUITests */,
			);
		};
/* End PBXProject section */

/* Begin PBXResourcesBuildPhase section */
		614928DF1D39B83D009B0200 /* Resources */ = {
			isa = PBXResourcesBuildPhase;
			buildActionMask = 2147483647;
			files = (
				614928F21D39B83D009B0200 /* LaunchScreen.storyboard in Resources */,
				614928EF1D39B83D009B0200 /* Assets.xcassets in Resources */,
				614928EA1D39B83D009B0200 /* Main.storyboard in Resources */,
			);
			runOnlyForDeploymentPostprocessing = 0;
		};
		614928F61D39B83E009B0200 /* Resources */ = {
			isa = PBXResourcesBuildPhase;
			buildActionMask = 2147483647;
			files = (
			);
			runOnlyForDeploymentPostprocessing = 0;
		};
		614929011D39B83E009B0200 /* Resources */ = {
			isa = PBXResourcesBuildPhase;
			buildActionMask = 2147483647;
			files = (
			);
			runOnlyForDeploymentPostprocessing = 0;
		};
/* End PBXResourcesBuildPhase section */

/* Begin PBXSourcesBuildPhase section */
		614928DD1D39B83D009B0200 /* Sources */ = {
			isa = PBXSourcesBuildPhase;
			buildActionMask = 2147483647;
			files = (
				614928E71D39B83D009B0200 /* ViewController.swift in Sources */,
				614928E51D39B83D009B0200 /* AppDelegate.swift in Sources */,
				614928ED1D39B83D009B0200 /* Counter.xcdatamodeld in Sources */,
			);
			runOnlyForDeploymentPostprocessing = 0;
		};
		614928F41D39B83E009B0200 /* Sources */ = {
			isa = PBXSourcesBuildPhase;
			buildActionMask = 2147483647;
			files = (
				614928FD1D39B83E009B0200 /* CounterTests.swift in Sources */,
			);
			runOnlyForDeploymentPostprocessing = 0;
		};
		614928FF1D39B83E009B0200 /* Sources */ = {
			isa = PBXSourcesBuildPhase;
			buildActionMask = 2147483647;
			files = (
				614929081D39B83E009B0200 /* CounterUITests.swift in Sources */,
			);
			runOnlyForDeploymentPostprocessing = 0;
		};
/* End PBXSourcesBuildPhase section */

/* Begin PBXTargetDependency section */
		614928FA1D39B83E009B0200 /* PBXTargetDependency */ = {
			isa = PBXTargetDependency;
			target = 614928E01D39B83D009B0200 /* Counter */;
			targetProxy = 614928F91D39B83E009B0200 /* PBXContainerItemProxy */;
		};
		614929051D39B83E009B0200 /* PBXTargetDependency */ = {
			isa = PBXTargetDependency;
			target = 614928E01D39B83D009B0200 /* Counter */;
			targetProxy = 614929041D39B83E009B0200 /* PBXContainerItemProxy */;
		};
/* End PBXTargetDependency section */

/* Begin PBXVariantGroup section */
		614928E81D39B83D009B0200 /* Main.storyboard */ = {
			isa = PBXVariantGroup;
			children = (
				614928E91D39B83D009B0200 /* Base */,
			);
			name = Main.storyboard;
			sourceTree = "<group>";
		};
		614928F01D39B83D009B0200 /* LaunchScreen.storyboard */ = {
			isa = PBXVariantGroup;
			children = (
				614928F11D39B83D009B0200 /* Base */,
			);
			name = LaunchScreen.storyboard;
			sourceTree = "<group>";
		};
/* End PBXVariantGroup section */

/* Begin XCBuildConfiguration section */
		6149290A1D39B83E009B0200 /* Debug */ = {
			isa = XCBuildConfiguration;
			buildSettings = {
				ALWAYS_SEARCH_USER_PATHS = NO;
				CLANG_ANALYZER_NONNULL = YES;
				CLANG_CXX_LANGUAGE_STANDARD = "gnu++0x";
				CLANG_CXX_LIBRARY = "libc++";
				CLANG_ENABLE_MODULES = YES;
				CLANG_ENABLE_OBJC_ARC = YES;
				CLANG_WARN_BOOL_CONVERSION = YES;
				CLANG_WARN_CONSTANT_CONVERSION = YES;
				CLANG_WARN_DIRECT_OBJC_ISA_USAGE = YES_ERROR;
				CLANG_WARN_EMPTY_BODY = YES;
				CLANG_WARN_ENUM_CONVERSION = YES;
				CLANG_WARN_INT_CONVERSION = YES;
				CLANG_WARN_OBJC_ROOT_CLASS = YES_ERROR;
				CLANG_WARN_UNREACHABLE_CODE = YES;
				CLANG_WARN__DUPLICATE_METHOD_MATCH = YES;
				"CODE_SIGN_IDENTITY[sdk=iphoneos*]" = "iPhone Developer";
				COPY_PHASE_STRIP = NO;
				DEBUG_INFORMATION_FORMAT = dwarf;
				ENABLE_STRICT_OBJC_MSGSEND = YES;
				ENABLE_TESTABILITY = YES;
				GCC_C_LANGUAGE_STANDARD = gnu99;
				GCC_DYNAMIC_NO_PIC = NO;
				GCC_NO_COMMON_BLOCKS = YES;
				GCC_OPTIMIZATION_LEVEL = 0;
				GCC_PREPROCESSOR_DEFINITIONS = (
					"DEBUG=1",
					"$(inherited)",
				);
				GCC_WARN_64_TO_32_BIT_CONVERSION = YES;
				GCC_WARN_ABOUT_RETURN_TYPE = YES_ERROR;
				GCC_WARN_UNDECLARED_SELECTOR = YES;
				GCC_WARN_UNINITIALIZED_AUTOS = YES_AGGRESSIVE;
				GCC_WARN_UNUSED_FUNCTION = YES;
				GCC_WARN_UNUSED_VARIABLE = YES;
				IPHONEOS_DEPLOYMENT_TARGET = 9.3;
				MTL_ENABLE_DEBUG_INFO = YES;
				ONLY_ACTIVE_ARCH = YES;
				SDKROOT = iphoneos;
				SWIFT_OPTIMIZATION_LEVEL = "-Onone";
			};
			name = Debug;
		};
		6149290B1D39B83E009B0200 /* Release */ = {
			isa = XCBuildConfiguration;
			buildSettings = {
				ALWAYS_SEARCH_USER_PATHS = NO;
				CLANG_ANALYZER_NONNULL = YES;
				CLANG_CXX_LANGUAGE_STANDARD = "gnu++0x";
				CLANG_CXX_LIBRARY = "libc++";
				CLANG_ENABLE_MODULES = YES;
				CLANG_ENABLE_OBJC_ARC = YES;
				CLANG_WARN_BOOL_CONVERSION = YES;
				CLANG_WARN_CONSTANT_CONVERSION = YES;
				CLANG_WARN_DIRECT_OBJC_ISA_USAGE = YES_ERROR;
				CLANG_WARN_EMPTY_BODY = YES;
				CLANG_WARN_ENUM_CONVERSION = YES;
				CLANG_WARN_INT_CONVERSION = YES;
				CLANG_WARN_OBJC_ROOT_CLASS = YES_ERROR;
				CLANG_WARN_UNREACHABLE_CODE = YES;
				CLANG_WARN__DUPLICATE_METHOD_MATCH = YES;
				"CODE_SIGN_IDENTITY[sdk=iphoneos*]" = "iPhone Developer";
				COPY_PHASE_STRIP = NO;
				DEBUG_INFORMATION_FORMAT = "dwarf-with-dsym";
				ENABLE_NS_ASSERTIONS = NO;
				ENABLE_STRICT_OBJC_MSGSEND = YES;
				GCC_C_LANGUAGE_STANDARD = gnu99;
				GCC_NO_COMMON_BLOCKS = YES;
				GCC_WARN_64_TO_32_BIT_CONVERSION = YES;
				GCC_WARN_ABOUT_RETURN_TYPE = YES_ERROR;
				GCC_WARN_UNDECLARED_SELECTOR = YES;
				GCC_WARN_UNINITIALIZED_AUTOS = YES_AGGRESSIVE;
				GCC_WARN_UNUSED_FUNCTION = YES;
				GCC_WARN_UNUSED_VARIABLE = YES;
				IPHONEOS_DEPLOYMENT_TARGET = 9.3;
				MTL_ENABLE_DEBUG_INFO = NO;
				SDKROOT = iphoneos;
				VALIDATE_PRODUCT = YES;
			};
			name = Release;
		};
		6149290D1D39B83E009B0200 /* Debug */ = {
			isa = XCBuildConfiguration;
			buildSettings = {
				ASSETCATALOG_COMPILER_APPICON_NAME = AppIcon;
				INFOPLIST_FILE = Counter/Info.plist;
				LD_RUNPATH_SEARCH_PATHS = "$(inherited) @executable_path/Frameworks";
				PRODUCT_BUNDLE_IDENTIFIER = com.edgargante.Counter;
				PRODUCT_NAME = "$(TARGET_NAME)";
			};
			name = Debug;
		};
		6149290E1D39B83E009B0200 /* Release */ = {
			isa = XCBuildConfiguration;
			buildSettings = {
				ASSETCATALOG_COMPILER_APPICON_NAME = AppIcon;
				INFOPLIST_FILE = Counter/Info.plist;
				LD_RUNPATH_SEARCH_PATHS = "$(inherited) @executable_path/Frameworks";
				PRODUCT_BUNDLE_IDENTIFIER = com.edgargante.Counter;
				PRODUCT_NAME = "$(TARGET_NAME)";
			};
			name = Release;
		};
		614929101D39B83E009B0200 /* Debug */ = {
			isa = XCBuildConfiguration;
			buildSettings = {
				BUNDLE_LOADER = "$(TEST_HOST)";
				INFOPLIST_FILE = CounterTests/Info.plist;
				LD_RUNPATH_SEARCH_PATHS = "$(inherited) @executable_path/Frameworks @loader_path/Frameworks";
				PRODUCT_BUNDLE_IDENTIFIER = com.edgargante.CounterTests;
				PRODUCT_NAME = "$(TARGET_NAME)";
				TEST_HOST = "$(BUILT_PRODUCTS_DIR)/Counter.app/Counter";
			};
			name = Debug;
		};
		614929111D39B83E009B0200 /* Release */ = {
			isa = XCBuildConfiguration;
			buildSettings = {
				BUNDLE_LOADER = "$(TEST_HOST)";
				INFOPLIST_FILE = CounterTests/Info.plist;
				LD_RUNPATH_SEARCH_PATHS = "$(inherited) @executable_path/Frameworks @loader_path/Frameworks";
				PRODUCT_BUNDLE_IDENTIFIER = com.edgargante.CounterTests;
				PRODUCT_NAME = "$(TARGET_NAME)";
				TEST_HOST = "$(BUILT_PRODUCTS_DIR)/Counter.app/Counter";
			};
			name = Release;
		};
		614929131D39B83E009B0200 /* Debug */ = {
			isa = XCBuildConfiguration;
			buildSettings = {
				INFOPLIST_FILE = CounterUITests/Info.plist;
				LD_RUNPATH_SEARCH_PATHS = "$(inherited) @executable_path/Frameworks @loader_path/Frameworks";
				PRODUCT_BUNDLE_IDENTIFIER = com.edgargante.CounterUITests;
				PRODUCT_NAME = "$(TARGET_NAME)";
				TEST_TARGET_NAME = Counter;
			};
			name = Debug;
		};
		614929141D39B83E009B0200 /* Release */ = {
			isa = XCBuildConfiguration;
			buildSettings = {
				INFOPLIST_FILE = CounterUITests/Info.plist;
				LD_RUNPATH_SEARCH_PATHS = "$(inherited) @executable_path/Frameworks @loader_path/Frameworks";
				PRODUCT_BUNDLE_IDENTIFIER = com.edgargante.CounterUITests;
				PRODUCT_NAME = "$(TARGET_NAME)";
				TEST_TARGET_NAME = Counter;
			};
			name = Release;
		};
/* End XCBuildConfiguration section */

/* Begin XCConfigurationList section */
		614928DC1D39B83D009B0200 /* Build configuration list for PBXProject "Counter" */ = {
			isa = XCConfigurationList;
			buildConfigurations = (
				6149290A1D39B83E009B0200 /* Debug */,
				6149290B1D39B83E009B0200 /* Release */,
			);
			defaultConfigurationIsVisible = 0;
			defaultConfigurationName = Release;
		};
		6149290C1D39B83E009B0200 /* Build configuration list for PBXNativeTarget "Counter" */ = {
			isa = XCConfigurationList;
			buildConfigurations = (
				6149290D1D39B83E009B0200 /* Debug */,
				6149290E1D39B83E009B0200 /* Release */,
			);
			defaultConfigurationIsVisible = 0;
		};
		6149290F1D39B83E009B0200 /* Build configuration list for PBXNativeTarget "CounterTests" */ = {
			isa = XCConfigurationList;
			buildConfigurations = (
				614929101D39B83E009B0200 /* Debug */,
				614929111D39B83E009B0200 /* Release */,
			);
			defaultConfigurationIsVisible = 0;
		};
		614929121D39B83E009B0200 /* Build configuration list for PBXNativeTarget "CounterUITests" */ = {
			isa = XCConfigurationList;
			buildConfigurations = (
				614929131D39B83E009B0200 /* Debug */,
				614929141D39B83E009B0200 /* Release */,
			);
			defaultConfigurationIsVisible = 0;
		};
/* End XCConfigurationList section */

/* Begin XCVersionGroup section */
		614928EB1D39B83D009B0200 /* Counter.xcdatamodeld */ = {
			isa = XCVersionGroup;
			children = (
				614928EC1D39B83D009B0200 /* Counter.xcdatamodel */,
			);
			currentVersion = 614928EC1D39B83D009B0200 /* Counter.xcdatamodel */;
			path = Counter.xcdatamodeld;
			sourceTree = "<group>";
			versionGroupType = wrapper.xcdatamodel;
		};
/* End XCVersionGroup section */
	};
	rootObject = 614928D91D39B83D009B0200 /* Project object */;
}
